
Microsoft Visual Studio Solution File, Format Version 12.00
# Visual Studio Version 17
VisualStudioVersion = 17.11.35327.3
MinimumVisualStudioVersion = 10.0.40219.1
Project("{FAE04EC0-301F-11D3-BF4B-00C04F79EFBC}") = "Neurocode - For Students", "Neurocode - For Students\Neurocode - For Students.csproj", "{702F8AD2-D6F3-4724-8C25-0C5535DC38CB}"
EndProject
Global
	GlobalSection(SolutionConfigurationPlatforms) = preSolution
		Debug|Any CPU = Debug|Any CPU
		Release|Any CPU = Release|Any CPU
	EndGlobalSection
	GlobalSection(ProjectConfigurationPlatforms) = postSolution
		{702F8AD2-D6F3-4724-8C25-0C5535DC38CB}.Debug|Any CPU.ActiveCfg = Debug|Any CPU
		{702F8AD2-D6F3-4724-8C25-0C5535DC38CB}.Debug|Any CPU.Build.0 = Debug|Any CPU
		{702F8AD2-D6F3-4724-8C25-0C5535DC38CB}.Release|Any CPU.ActiveCfg = Release|Any CPU
		{702F8AD2-D6F3-4724-8C25-0C5535DC38CB}.Release|Any CPU.Build.0 = Release|Any CPU
	EndGlobalSection
	GlobalSection(SolutionProperties) = preSolution
		HideSolutionNode = FALSE
	EndGlobalSection
	GlobalSection(ExtensibilityGlobals) = postSolution
		SolutionGuid = {7673E2D8-53E6-4A15-97B0-F7FEA300F850}
	EndGlobalSection
EndGlobal
